// !$*UTF8*$!
{
	archiveVersion = 1;
	classes = {
	};
	objectVersion = 45;
	objects = {

/* Begin PBXBuildFile section */
		0012A3FB19E2C562001FE130 /* dpat.png in Resources */ = {isa = PBXBuildFile; fileRef = 0012A3FA19E2C562001FE130 /* dpat.png */; };
		0017F00819E32E230062F9E0 /* libSDL2_image.a in Frameworks */ = {isa = PBXBuildFile; fileRef = 0013458519E327AE006CF1F9 /* libSDL2_image.a */; };
		0017F00919E32E240062F9E0 /* libSDL2_ttf.a in Frameworks */ = {isa = PBXBuildFile; fileRef = 0013458B19E327D2006CF1F9 /* libSDL2_ttf.a */; };
		0017F00A19E32E240062F9E0 /* libSDL2.a in Frameworks */ = {isa = PBXBuildFile; fileRef = 0013457F19E32778006CF1F9 /* libSDL2.a */; };
		004865E919F931370038CBE3 /* airboat.obj in Resources */ = {isa = PBXBuildFile; fileRef = 004865E519F931370038CBE3 /* airboat.obj */; };
		004865EA19F931370038CBE3 /* al.obj in Resources */ = {isa = PBXBuildFile; fileRef = 004865E619F931370038CBE3 /* al.obj */; };
		004865EB19F931370038CBE3 /* cessna.obj in Resources */ = {isa = PBXBuildFile; fileRef = 004865E719F931370038CBE3 /* cessna.obj */; };
		004865EC19F931370038CBE3 /* cube.obj in Resources */ = {isa = PBXBuildFile; fileRef = 004865E819F931370038CBE3 /* cube.obj */; };
		004865F219F931600038CBE3 /* skyscraper.obj in Resources */ = {isa = PBXBuildFile; fileRef = 004865F119F931600038CBE3 /* skyscraper.obj */; };
		00AF3F211A142FBB00E68844 /* parts.obj in Resources */ = {isa = PBXBuildFile; fileRef = 00AF3F201A142FBB00E68844 /* parts.obj */; };
		00B1B36419E2C8BC00A0C9A4 /* mplus-1m-bold.ttf in Resources */ = {isa = PBXBuildFile; fileRef = 00B1B36319E2C8BC00A0C9A4 /* mplus-1m-bold.ttf */; };
		00B70DF919D5A82E000DA53C /* pgl3d.px.cc in Sources */ = {isa = PBXBuildFile; fileRef = 00B70DB819D5A82E000DA53C /* pgl3d.px.cc */; };
		1D60589F0D05DD5A006BFB54 /* Foundation.framework in Frameworks */ = {isa = PBXBuildFile; fileRef = 1D30AB110D05D00D00671497 /* Foundation.framework */; };
		1DF5F4E00D08C38300B7A737 /* UIKit.framework in Frameworks */ = {isa = PBXBuildFile; fileRef = 1DF5F4DF0D08C38300B7A737 /* UIKit.framework */; };
		28FD15000DC6FC520079059D /* OpenGLES.framework in Frameworks */ = {isa = PBXBuildFile; fileRef = 28FD14FF0DC6FC520079059D /* OpenGLES.framework */; };
		28FD15080DC6FC5B0079059D /* QuartzCore.framework in Frameworks */ = {isa = PBXBuildFile; fileRef = 28FD15070DC6FC5B0079059D /* QuartzCore.framework */; };
		29B714611961409E007A129B /* ImageIO.framework in Frameworks */ = {isa = PBXBuildFile; fileRef = 29B714601961409E007A129B /* ImageIO.framework */; };
		29B71463196140BD007A129B /* MobileCoreServices.framework in Frameworks */ = {isa = PBXBuildFile; fileRef = 29B71462196140BD007A129B /* MobileCoreServices.framework */; };
		FD779EDE0E26BA1200F39101 /* CoreAudio.framework in Frameworks */ = {isa = PBXBuildFile; fileRef = FD779EDD0E26BA1200F39101 /* CoreAudio.framework */; };
		FD77A07D0E26BD8C00F39101 /* Icon.png in Resources */ = {isa = PBXBuildFile; fileRef = FD77A07C0E26BD8C00F39101 /* Icon.png */; };
		FD77A07F0E26BDA900F39101 /* Default.png in Resources */ = {isa = PBXBuildFile; fileRef = FD77A07E0E26BDA900F39101 /* Default.png */; };
		FD77A0850E26BDB800F39101 /* AudioToolbox.framework in Frameworks */ = {isa = PBXBuildFile; fileRef = FD77A0840E26BDB800F39101 /* AudioToolbox.framework */; };
		FDB8BFC60E5A0F6A00980157 /* CoreGraphics.framework in Frameworks */ = {isa = PBXBuildFile; fileRef = FDB8BFC50E5A0F6A00980157 /* CoreGraphics.framework */; };
/* End PBXBuildFile section */

/* Begin PBXContainerItemProxy section */
		0013457E19E32778006CF1F9 /* PBXContainerItemProxy */ = {
			isa = PBXContainerItemProxy;
			containerPortal = 0013457919E32778006CF1F9 /* SDL.xcodeproj */;
			proxyType = 2;
			remoteGlobalIDString = FD6526630DE8FCCB002AD96B;
			remoteInfo = libSDL;
		};
		0013458419E327AE006CF1F9 /* PBXContainerItemProxy */ = {
			isa = PBXContainerItemProxy;
			containerPortal = 0013458019E327AE006CF1F9 /* SDL_image.xcodeproj */;
			proxyType = 2;
			remoteGlobalIDString = BE1FA74107AF4C45004B6283;
			remoteInfo = libSDL_image;
		};
		0013458A19E327D2006CF1F9 /* PBXContainerItemProxy */ = {
			isa = PBXContainerItemProxy;
			containerPortal = 0013458619E327D2006CF1F9 /* SDL_ttf.xcodeproj */;
			proxyType = 2;
			remoteGlobalIDString = BE48FD6E07AFA17000BB41DA;
			remoteInfo = "Static Library";
		};
/* End PBXContainerItemProxy section */

/* Begin PBXFileReference section */
		0012A3FA19E2C562001FE130 /* dpat.png */ = {isa = PBXFileReference; lastKnownFileType = image.png; name = dpat.png; path = ../dpat.png; sourceTree = "<group>"; };
		0013457919E32778006CF1F9 /* SDL.xcodeproj */ = {isa = PBXFileReference; lastKnownFileType = "wrapper.pb-project"; name = SDL.xcodeproj; path = "../../pgl3d-extlib/SDL2-2.0.3/Xcode-iOS/SDL/SDL.xcodeproj"; sourceTree = "<group>"; };
		0013458019E327AE006CF1F9 /* SDL_image.xcodeproj */ = {isa = PBXFileReference; lastKnownFileType = "wrapper.pb-project"; name = SDL_image.xcodeproj; path = "../../pgl3d-extlib/SDL2_image-2.0.0/Xcode-iOS/SDL_image.xcodeproj"; sourceTree = "<group>"; };
		0013458619E327D2006CF1F9 /* SDL_ttf.xcodeproj */ = {isa = PBXFileReference; lastKnownFileType = "wrapper.pb-project"; name = SDL_ttf.xcodeproj; path = "../../pgl3d-extlib/SDL2_ttf-2.0.12/Xcode-iOS/SDL_ttf.xcodeproj"; sourceTree = "<group>"; };
		004865E519F931370038CBE3 /* airboat.obj */ = {isa = PBXFileReference; fileEncoding = 4; lastKnownFileType = text; name = airboat.obj; path = ../airboat.obj; sourceTree = "<group>"; };
		004865E619F931370038CBE3 /* al.obj */ = {isa = PBXFileReference; fileEncoding = 4; lastKnownFileType = text; name = al.obj; path = ../al.obj; sourceTree = "<group>"; };
		004865E719F931370038CBE3 /* cessna.obj */ = {isa = PBXFileReference; fileEncoding = 4; lastKnownFileType = text; name = cessna.obj; path = ../cessna.obj; sourceTree = "<group>"; };
		004865E819F931370038CBE3 /* cube.obj */ = {isa = PBXFileReference; fileEncoding = 4; lastKnownFileType = text; name = cube.obj; path = ../cube.obj; sourceTree = "<group>"; };
		004865F119F931600038CBE3 /* skyscraper.obj */ = {isa = PBXFileReference; fileEncoding = 4; lastKnownFileType = text; name = skyscraper.obj; path = ../skyscraper.obj; sourceTree = "<group>"; };
		00AF3F201A142FBB00E68844 /* parts.obj */ = {isa = PBXFileReference; fileEncoding = 4; lastKnownFileType = text; name = parts.obj; path = "../../pgl3d-assets/parts.obj"; sourceTree = "<group>"; };
		00B1B36319E2C8BC00A0C9A4 /* mplus-1m-bold.ttf */ = {isa = PBXFileReference; lastKnownFileType = file; name = "mplus-1m-bold.ttf"; path = "../mplus-1m-bold.ttf"; sourceTree = "<group>"; };
		00B70DB819D5A82E000DA53C /* pgl3d.px.cc */ = {isa = PBXFileReference; fileEncoding = 4; lastKnownFileType = sourcecode.cpp.cpp; name = pgl3d.px.cc; path = gen/pgl3d.px.cc; sourceTree = "<group>"; };
		1D30AB110D05D00D00671497 /* Foundation.framework */ = {isa = PBXFileReference; lastKnownFileType = wrapper.framework; name = Foundation.framework; path = System/Library/Frameworks/Foundation.framework; sourceTree = SDKROOT; };
		1D6058910D05DD3D006BFB54 /* pgl3d.app */ = {isa = PBXFileReference; explicitFileType = wrapper.application; includeInIndex = 0; path = pgl3d.app; sourceTree = BUILT_PRODUCTS_DIR; };
		1DF5F4DF0D08C38300B7A737 /* UIKit.framework */ = {isa = PBXFileReference; lastKnownFileType = wrapper.framework; name = UIKit.framework; path = System/Library/Frameworks/UIKit.framework; sourceTree = SDKROOT; };
		28FD14FF0DC6FC520079059D /* OpenGLES.framework */ = {isa = PBXFileReference; lastKnownFileType = wrapper.framework; name = OpenGLES.framework; path = System/Library/Frameworks/OpenGLES.framework; sourceTree = SDKROOT; };
		28FD15070DC6FC5B0079059D /* QuartzCore.framework */ = {isa = PBXFileReference; lastKnownFileType = wrapper.framework; name = QuartzCore.framework; path = System/Library/Frameworks/QuartzCore.framework; sourceTree = SDKROOT; };
		29B714601961409E007A129B /* ImageIO.framework */ = {isa = PBXFileReference; lastKnownFileType = wrapper.framework; name = ImageIO.framework; path = System/Library/Frameworks/ImageIO.framework; sourceTree = SDKROOT; };
		29B71462196140BD007A129B /* MobileCoreServices.framework */ = {isa = PBXFileReference; lastKnownFileType = wrapper.framework; name = MobileCoreServices.framework; path = System/Library/Frameworks/MobileCoreServices.framework; sourceTree = SDKROOT; };
		8D1107310486CEB800E47090 /* Info.plist */ = {isa = PBXFileReference; fileEncoding = 4; lastKnownFileType = text.plist.xml; path = Info.plist; sourceTree = "<group>"; };
		FD779EDD0E26BA1200F39101 /* CoreAudio.framework */ = {isa = PBXFileReference; lastKnownFileType = wrapper.framework; name = CoreAudio.framework; path = System/Library/Frameworks/CoreAudio.framework; sourceTree = SDKROOT; };
		FD77A07C0E26BD8C00F39101 /* Icon.png */ = {isa = PBXFileReference; lastKnownFileType = image.png; path = Icon.png; sourceTree = "<group>"; };
		FD77A07E0E26BDA900F39101 /* Default.png */ = {isa = PBXFileReference; lastKnownFileType = image.png; path = Default.png; sourceTree = "<group>"; };
		FD77A0840E26BDB800F39101 /* AudioToolbox.framework */ = {isa = PBXFileReference; lastKnownFileType = wrapper.framework; name = AudioToolbox.framework; path = System/Library/Frameworks/AudioToolbox.framework; sourceTree = SDKROOT; };
		FDB8BFC50E5A0F6A00980157 /* CoreGraphics.framework */ = {isa = PBXFileReference; lastKnownFileType = wrapper.framework; name = CoreGraphics.framework; path = System/Library/Frameworks/CoreGraphics.framework; sourceTree = SDKROOT; };
/* End PBXFileReference section */

/* Begin PBXFrameworksBuildPhase section */
		1D60588F0D05DD3D006BFB54 /* Frameworks */ = {
			isa = PBXFrameworksBuildPhase;
			buildActionMask = 2147483647;
			files = (
				0017F00819E32E230062F9E0 /* libSDL2_image.a in Frameworks */,
				0017F00919E32E240062F9E0 /* libSDL2_ttf.a in Frameworks */,
				0017F00A19E32E240062F9E0 /* libSDL2.a in Frameworks */,
				1D60589F0D05DD5A006BFB54 /* Foundation.framework in Frameworks */,
				1DF5F4E00D08C38300B7A737 /* UIKit.framework in Frameworks */,
				28FD15000DC6FC520079059D /* OpenGLES.framework in Frameworks */,
				28FD15080DC6FC5B0079059D /* QuartzCore.framework in Frameworks */,
				FD779EDE0E26BA1200F39101 /* CoreAudio.framework in Frameworks */,
				FD77A0850E26BDB800F39101 /* AudioToolbox.framework in Frameworks */,
				FDB8BFC60E5A0F6A00980157 /* CoreGraphics.framework in Frameworks */,
				29B714611961409E007A129B /* ImageIO.framework in Frameworks */,
				29B71463196140BD007A129B /* MobileCoreServices.framework in Frameworks */,
			);
			runOnlyForDeploymentPostprocessing = 0;
		};
/* End PBXFrameworksBuildPhase section */

/* Begin PBXGroup section */
		0013457A19E32778006CF1F9 /* Products */ = {
			isa = PBXGroup;
			children = (
				0013457F19E32778006CF1F9 /* libSDL2.a */,
			);
			name = Products;
			sourceTree = "<group>";
		};
		0013458119E327AE006CF1F9 /* Products */ = {
			isa = PBXGroup;
			children = (
				0013458519E327AE006CF1F9 /* libSDL2_image.a */,
			);
			name = Products;
			sourceTree = "<group>";
		};
		0013458719E327D2006CF1F9 /* Products */ = {
			isa = PBXGroup;
			children = (
				0013458B19E327D2006CF1F9 /* libSDL2_ttf.a */,
			);
			name = Products;
			sourceTree = "<group>";
		};
		19C28FACFE9D520D11CA2CBB /* Products */ = {
			isa = PBXGroup;
			children = (
				1D6058910D05DD3D006BFB54 /* pgl3d.app */,
			);
			name = Products;
			sourceTree = "<group>";
		};
		29B97314FDCFA39411CA2CEA /* CustomTemplate */ = {
			isa = PBXGroup;
			children = (
				0013458619E327D2006CF1F9 /* SDL_ttf.xcodeproj */,
				0013458019E327AE006CF1F9 /* SDL_image.xcodeproj */,
				0013457919E32778006CF1F9 /* SDL.xcodeproj */,
				29B97315FDCFA39411CA2CEA /* Sources */,
				29B97317FDCFA39411CA2CEA /* Resources */,
				29B97323FDCFA39411CA2CEA /* Frameworks */,
				19C28FACFE9D520D11CA2CBB /* Products */,
			);
			name = CustomTemplate;
			sourceTree = "<group>";
		};
		29B97315FDCFA39411CA2CEA /* Sources */ = {
			isa = PBXGroup;
			children = (
				00B70DB819D5A82E000DA53C /* pgl3d.px.cc */,
			);
			name = Sources;
			sourceTree = "<group>";
		};
		29B97317FDCFA39411CA2CEA /* Resources */ = {
			isa = PBXGroup;
			children = (
				00AF3F201A142FBB00E68844 /* parts.obj */,
				004865F119F931600038CBE3 /* skyscraper.obj */,
				004865E519F931370038CBE3 /* airboat.obj */,
				004865E619F931370038CBE3 /* al.obj */,
				004865E719F931370038CBE3 /* cessna.obj */,
				004865E819F931370038CBE3 /* cube.obj */,
				00B1B36319E2C8BC00A0C9A4 /* mplus-1m-bold.ttf */,
				0012A3FA19E2C562001FE130 /* dpat.png */,
				FD77A07E0E26BDA900F39101 /* Default.png */,
				FD77A07C0E26BD8C00F39101 /* Icon.png */,
				8D1107310486CEB800E47090 /* Info.plist */,
			);
			name = Resources;
			sourceTree = "<group>";
		};
		29B97323FDCFA39411CA2CEA /* Frameworks */ = {
			isa = PBXGroup;
			children = (
				29B71462196140BD007A129B /* MobileCoreServices.framework */,
				29B714601961409E007A129B /* ImageIO.framework */,
				FDB8BFC50E5A0F6A00980157 /* CoreGraphics.framework */,
				FD77A0840E26BDB800F39101 /* AudioToolbox.framework */,
				FD779EDD0E26BA1200F39101 /* CoreAudio.framework */,
				28FD15070DC6FC5B0079059D /* QuartzCore.framework */,
				28FD14FF0DC6FC520079059D /* OpenGLES.framework */,
				1DF5F4DF0D08C38300B7A737 /* UIKit.framework */,
				1D30AB110D05D00D00671497 /* Foundation.framework */,
			);
			name = Frameworks;
			sourceTree = "<group>";
		};
/* End PBXGroup section */

/* Begin PBXNativeTarget section */
		1D6058900D05DD3D006BFB54 /* pgl3d */ = {
			isa = PBXNativeTarget;
			buildConfigurationList = 1D6058960D05DD3E006BFB54 /* Build configuration list for PBXNativeTarget "pgl3d" */;
			buildPhases = (
				1D60588D0D05DD3D006BFB54 /* Resources */,
				1D60588E0D05DD3D006BFB54 /* Sources */,
				1D60588F0D05DD3D006BFB54 /* Frameworks */,
			);
			buildRules = (
			);
			dependencies = (
			);
			name = pgl3d;
			productName = "___PROJECTNAME___";
			productReference = 1D6058910D05DD3D006BFB54 /* pgl3d.app */;
			productType = "com.apple.product-type.application";
		};
/* End PBXNativeTarget section */

/* Begin PBXProject section */
		29B97313FDCFA39411CA2CEA /* Project object */ = {
			isa = PBXProject;
			attributes = {
				LastUpgradeCheck = 0510;
			};
			buildConfigurationList = C01FCF4E08A954540054247B /* Build configuration list for PBXProject "pgl3d" */;
			compatibilityVersion = "Xcode 3.1";
			developmentRegion = English;
			hasScannedForEncodings = 1;
			knownRegions = (
				English,
				Japanese,
				French,
				German,
			);
			mainGroup = 29B97314FDCFA39411CA2CEA /* CustomTemplate */;
			projectDirPath = "";
			projectReferences = (
				{
					ProductGroup = 0013457A19E32778006CF1F9 /* Products */;
					ProjectRef = 0013457919E32778006CF1F9 /* SDL.xcodeproj */;
				},
				{
					ProductGroup = 0013458119E327AE006CF1F9 /* Products */;
					ProjectRef = 0013458019E327AE006CF1F9 /* SDL_image.xcodeproj */;
				},
				{
					ProductGroup = 0013458719E327D2006CF1F9 /* Products */;
					ProjectRef = 0013458619E327D2006CF1F9 /* SDL_ttf.xcodeproj */;
				},
			);
			projectRoot = "";
			targets = (
				1D6058900D05DD3D006BFB54 /* pgl3d */,
			);
		};
/* End PBXProject section */

/* Begin PBXReferenceProxy section */
		0013457F19E32778006CF1F9 /* libSDL2.a */ = {
			isa = PBXReferenceProxy;
			fileType = archive.ar;
			path = libSDL2.a;
			remoteRef = 0013457E19E32778006CF1F9 /* PBXContainerItemProxy */;
			sourceTree = BUILT_PRODUCTS_DIR;
		};
		0013458519E327AE006CF1F9 /* libSDL2_image.a */ = {
			isa = PBXReferenceProxy;
			fileType = archive.ar;
			path = libSDL2_image.a;
			remoteRef = 0013458419E327AE006CF1F9 /* PBXContainerItemProxy */;
			sourceTree = BUILT_PRODUCTS_DIR;
		};
		0013458B19E327D2006CF1F9 /* libSDL2_ttf.a */ = {
			isa = PBXReferenceProxy;
			fileType = archive.ar;
			path = libSDL2_ttf.a;
			remoteRef = 0013458A19E327D2006CF1F9 /* PBXContainerItemProxy */;
			sourceTree = BUILT_PRODUCTS_DIR;
		};
/* End PBXReferenceProxy section */

/* Begin PBXResourcesBuildPhase section */
		1D60588D0D05DD3D006BFB54 /* Resources */ = {
			isa = PBXResourcesBuildPhase;
			buildActionMask = 2147483647;
			files = (
				004865EC19F931370038CBE3 /* cube.obj in Resources */,
				004865EA19F931370038CBE3 /* al.obj in Resources */,
				FD77A07D0E26BD8C00F39101 /* Icon.png in Resources */,
				004865F219F931600038CBE3 /* skyscraper.obj in Resources */,
				00AF3F211A142FBB00E68844 /* parts.obj in Resources */,
				004865EB19F931370038CBE3 /* cessna.obj in Resources */,
				0012A3FB19E2C562001FE130 /* dpat.png in Resources */,
				FD77A07F0E26BDA900F39101 /* Default.png in Resources */,
				00B1B36419E2C8BC00A0C9A4 /* mplus-1m-bold.ttf in Resources */,
				004865E919F931370038CBE3 /* airboat.obj in Resources */,
			);
			runOnlyForDeploymentPostprocessing = 0;
		};
/* End PBXResourcesBuildPhase section */

/* Begin PBXSourcesBuildPhase section */
		1D60588E0D05DD3D006BFB54 /* Sources */ = {
			isa = PBXSourcesBuildPhase;
			buildActionMask = 2147483647;
			files = (
				00B70DF919D5A82E000DA53C /* pgl3d.px.cc in Sources */,
			);
			runOnlyForDeploymentPostprocessing = 0;
		};
/* End PBXSourcesBuildPhase section */

/* Begin XCBuildConfiguration section */
		1D6058940D05DD3E006BFB54 /* Debug */ = {
			isa = XCBuildConfiguration;
			buildSettings = {
				ALWAYS_SEARCH_USER_PATHS = NO;
				COPY_PHASE_STRIP = NO;
				GCC_DYNAMIC_NO_PIC = NO;
				GCC_OPTIMIZATION_LEVEL = 0;
				GCC_PRECOMPILE_PREFIX_HEADER = YES;
				GCC_PREFIX_HEADER = "";
				HEADER_SEARCH_PATHS = (
					"\"$(SRCROOT)/pgl3d-extlib\"",
					"\"$(SRCROOT)/pgl3d-extlib/SDL2/include\"",
					"\"$(SRCROOT)/pgl3d-extlib/SDL2_image\"",
					"\"$(SRCROOT)/pgl3d-extlib/SDL2_ttf\"",
				);
				INFOPLIST_FILE = Info.plist;
				LIBRARY_SEARCH_PATHS = (
					"$(inherited)",
					"\"$(SRCROOT)/pgl3d-extlib/build/ios\"",
				);
				ONLY_ACTIVE_ARCH = YES;
				PRODUCT_NAME = pgl3d;
				TARGETED_DEVICE_FAMILY = "1,2";
			};
			name = Debug;
		};
		1D6058950D05DD3E006BFB54 /* Release */ = {
			isa = XCBuildConfiguration;
			buildSettings = {
				ALWAYS_SEARCH_USER_PATHS = NO;
				COPY_PHASE_STRIP = YES;
				GCC_PRECOMPILE_PREFIX_HEADER = YES;
				GCC_PREFIX_HEADER = "";
				HEADER_SEARCH_PATHS = (
					"\"$(SRCROOT)/pgl3d-extlib\"",
					"\"$(SRCROOT)/pgl3d-extlib/SDL2/include\"",
					"\"$(SRCROOT)/pgl3d-extlib/SDL2_image\"",
					"\"$(SRCROOT)/pgl3d-extlib/SDL2_ttf\"",
				);
				INFOPLIST_FILE = Info.plist;
				LIBRARY_SEARCH_PATHS = (
					"$(inherited)",
					"\"$(SRCROOT)/pgl3d-extlib/build/ios\"",
				);
				ONLY_ACTIVE_ARCH = NO;
				PRODUCT_NAME = pgl3d;
				TARGETED_DEVICE_FAMILY = "1,2";
			};
			name = Release;
		};
		C01FCF4F08A954540054247B /* Debug */ = {
			isa = XCBuildConfiguration;
			buildSettings = {
				ARCHS = "$(ARCHS_STANDARD_32_BIT)";
				"CODE_SIGN_IDENTITY[sdk=iphoneos*]" = "iPhone Developer";
				GCC_C_LANGUAGE_STANDARD = c99;
				GCC_OPTIMIZATION_LEVEL = fast;
				GCC_WARN_ABOUT_RETURN_TYPE = YES;
				GCC_WARN_UNUSED_VARIABLE = YES;
				ONLY_ACTIVE_ARCH = YES;
				OTHER_CFLAGS = "";
				PREBINDING = NO;
				SDKROOT = iphoneos;
				TARGETED_DEVICE_FAMILY = 1;
				USER_HEADER_SEARCH_PATHS = "";
			};
			name = Debug;
		};
		C01FCF5008A954540054247B /* Release */ = {
			isa = XCBuildConfiguration;
			buildSettings = {
				ARCHS = "$(ARCHS_STANDARD_32_BIT)";
				"CODE_SIGN_IDENTITY[sdk=iphoneos*]" = "iPhone Developer";
				GCC_C_LANGUAGE_STANDARD = c99;
				GCC_OPTIMIZATION_LEVEL = fast;
				GCC_WARN_ABOUT_RETURN_TYPE = YES;
				GCC_WARN_UNUSED_VARIABLE = YES;
				OTHER_CFLAGS = "";
				PREBINDING = NO;
				SDKROOT = iphoneos;
				TARGETED_DEVICE_FAMILY = 1;
				USER_HEADER_SEARCH_PATHS = "";
			};
			name = Release;
		};
/* End XCBuildConfiguration section */

/* Begin XCConfigurationList section */
		1D6058960D05DD3E006BFB54 /* Build configuration list for PBXNativeTarget "pgl3d" */ = {
			isa = XCConfigurationList;
			buildConfigurations = (
				1D6058940D05DD3E006BFB54 /* Debug */,
				1D6058950D05DD3E006BFB54 /* Release */,
			);
			defaultConfigurationIsVisible = 0;
			defaultConfigurationName = Release;
		};
		C01FCF4E08A954540054247B /* Build configuration list for PBXProject "pgl3d" */ = {
			isa = XCConfigurationList;
			buildConfigurations = (
				C01FCF4F08A954540054247B /* Debug */,
				C01FCF5008A954540054247B /* Release */,
			);
			defaultConfigurationIsVisible = 0;
			defaultConfigurationName = Release;
		};
/* End XCConfigurationList section */
	};
	rootObject = 29B97313FDCFA39411CA2CEA /* Project object */;
}
