// !$*UTF8*$!
{
	archiveVersion = 1;
	classes = {
	};
	objectVersion = 45;
	objects = {

/* Begin PBXBuildFile section */
		0012A3FB19E2C562001FE130 /* dpat.png in Resources */ = {isa = PBXBuildFile; fileRef = 0012A3FA19E2C562001FE130 /* dpat.png */; };
		004865E919F931370038CBE3 /* airboat.obj in Resources */ = {isa = PBXBuildFile; fileRef = 004865E519F931370038CBE3 /* airboat.obj */; };
		004865EA19F931370038CBE3 /* al.obj in Resources */ = {isa = PBXBuildFile; fileRef = 004865E619F931370038CBE3 /* al.obj */; };
		004865EB19F931370038CBE3 /* cessna.obj in Resources */ = {isa = PBXBuildFile; fileRef = 004865E719F931370038CBE3 /* cessna.obj */; };
		004865EC19F931370038CBE3 /* cube.obj in Resources */ = {isa = PBXBuildFile; fileRef = 004865E819F931370038CBE3 /* cube.obj */; };
		004865F219F931600038CBE3 /* skyscraper.obj in Resources */ = {isa = PBXBuildFile; fileRef = 004865F119F931600038CBE3 /* skyscraper.obj */; };
		0094F0EB1B81643F00E7B9A3 /* libBulletCollision_xcode4_x64_debug.a in Frameworks */ = {isa = PBXBuildFile; fileRef = 2944C6451B7C4F550034A4EB /* libBulletCollision_xcode4_x64_debug.a */; };
		0094F0EC1B81643F00E7B9A3 /* libBulletDynamics_xcode4_x64_debug.a in Frameworks */ = {isa = PBXBuildFile; fileRef = 2944C6481B7C4F550034A4EB /* libBulletDynamics_xcode4_x64_debug.a */; };
		0094F0ED1B81643F00E7B9A3 /* libBulletSoftBody_xcode4_x64_debug.a in Frameworks */ = {isa = PBXBuildFile; fileRef = 2944C64B1B7C4F550034A4EB /* libBulletSoftBody_xcode4_x64_debug.a */; };
		0094F0EE1B81643F00E7B9A3 /* libLinearMath_xcode4_x64_debug.a in Frameworks */ = {isa = PBXBuildFile; fileRef = 2944C64E1B7C4F550034A4EB /* libLinearMath_xcode4_x64_debug.a */; };
		00A0676A1B6A5B7E007D2DD8 /* pgl3d_device_motion.mm in Sources */ = {isa = PBXBuildFile; fileRef = 00A067691B6A5B7E007D2DD8 /* pgl3d_device_motion.mm */; };
		00A0676C1B6A5CB2007D2DD8 /* CoreMotion.framework in Frameworks */ = {isa = PBXBuildFile; fileRef = 00A0676B1B6A5CB2007D2DD8 /* CoreMotion.framework */; };
		00B1B36419E2C8BC00A0C9A4 /* mplus-1m-bold.ttf in Resources */ = {isa = PBXBuildFile; fileRef = 00B1B36319E2C8BC00A0C9A4 /* mplus-1m-bold.ttf */; };
		00F529561AA2172E0056F191 /* demoapp.px.cc in Sources */ = {isa = PBXBuildFile; fileRef = 00F529551AA2172E0056F191 /* demoapp.px.cc */; };
		1D60589F0D05DD5A006BFB54 /* Foundation.framework in Frameworks */ = {isa = PBXBuildFile; fileRef = 1D30AB110D05D00D00671497 /* Foundation.framework */; };
		1DF5F4E00D08C38300B7A737 /* UIKit.framework in Frameworks */ = {isa = PBXBuildFile; fileRef = 1DF5F4DF0D08C38300B7A737 /* UIKit.framework */; };
		28FD15000DC6FC520079059D /* OpenGLES.framework in Frameworks */ = {isa = PBXBuildFile; fileRef = 28FD14FF0DC6FC520079059D /* OpenGLES.framework */; };
		28FD15080DC6FC5B0079059D /* QuartzCore.framework in Frameworks */ = {isa = PBXBuildFile; fileRef = 28FD15070DC6FC5B0079059D /* QuartzCore.framework */; };
		2944C6501B7C4FDC0034A4EB /* parts.obj in Resources */ = {isa = PBXBuildFile; fileRef = 2944C64F1B7C4FDC0034A4EB /* parts.obj */; };
		2944C6551B7C50ED0034A4EB /* libSDL2_image.a in Frameworks */ = {isa = PBXBuildFile; fileRef = 2944C6301B7C4F210034A4EB /* libSDL2_image.a */; };
		2944C6561B7C50ED0034A4EB /* libSDL2_ttf.a in Frameworks */ = {isa = PBXBuildFile; fileRef = 2944C6361B7C4F330034A4EB /* libSDL2_ttf.a */; };
		2944C6571B7C50ED0034A4EB /* libSDL2.a in Frameworks */ = {isa = PBXBuildFile; fileRef = 2944C62A1B7C4F0F0034A4EB /* libSDL2.a */; };
		29B714611961409E007A129B /* ImageIO.framework in Frameworks */ = {isa = PBXBuildFile; fileRef = 29B714601961409E007A129B /* ImageIO.framework */; };
		29B71463196140BD007A129B /* MobileCoreServices.framework in Frameworks */ = {isa = PBXBuildFile; fileRef = 29B71462196140BD007A129B /* MobileCoreServices.framework */; };
		FD779EDE0E26BA1200F39101 /* CoreAudio.framework in Frameworks */ = {isa = PBXBuildFile; fileRef = FD779EDD0E26BA1200F39101 /* CoreAudio.framework */; };
		FD77A07D0E26BD8C00F39101 /* Icon.png in Resources */ = {isa = PBXBuildFile; fileRef = FD77A07C0E26BD8C00F39101 /* Icon.png */; };
		FD77A07F0E26BDA900F39101 /* Default.png in Resources */ = {isa = PBXBuildFile; fileRef = FD77A07E0E26BDA900F39101 /* Default.png */; };
		FD77A0850E26BDB800F39101 /* AudioToolbox.framework in Frameworks */ = {isa = PBXBuildFile; fileRef = FD77A0840E26BDB800F39101 /* AudioToolbox.framework */; };
		FDB8BFC60E5A0F6A00980157 /* CoreGraphics.framework in Frameworks */ = {isa = PBXBuildFile; fileRef = FDB8BFC50E5A0F6A00980157 /* CoreGraphics.framework */; };
/* End PBXBuildFile section */

/* Begin PBXContainerItemProxy section */
		2944C6291B7C4F0F0034A4EB /* PBXContainerItemProxy */ = {
			isa = PBXContainerItemProxy;
			containerPortal = 2944C6241B7C4F0E0034A4EB /* SDL.xcodeproj */;
			proxyType = 2;
			remoteGlobalIDString = FD6526630DE8FCCB002AD96B;
			remoteInfo = libSDL;
		};
		2944C62F1B7C4F210034A4EB /* PBXContainerItemProxy */ = {
			isa = PBXContainerItemProxy;
			containerPortal = 2944C62B1B7C4F200034A4EB /* SDL_image.xcodeproj */;
			proxyType = 2;
			remoteGlobalIDString = BE1FA74107AF4C45004B6283;
			remoteInfo = libSDL_image;
		};
		2944C6351B7C4F330034A4EB /* PBXContainerItemProxy */ = {
			isa = PBXContainerItemProxy;
			containerPortal = 2944C6311B7C4F330034A4EB /* SDL_ttf.xcodeproj */;
			proxyType = 2;
			remoteGlobalIDString = BE48FD6E07AFA17000BB41DA;
			remoteInfo = "Static Library";
		};
		2944C6441B7C4F550034A4EB /* PBXContainerItemProxy */ = {
			isa = PBXContainerItemProxy;
			containerPortal = 2944C6371B7C4F550034A4EB /* BulletCollision.xcodeproj */;
			proxyType = 2;
			remoteGlobalIDString = 219C32E3154500B7017A1580;
			remoteInfo = BulletCollision;
		};
		2944C6471B7C4F550034A4EB /* PBXContainerItemProxy */ = {
			isa = PBXContainerItemProxy;
			containerPortal = 2944C63A1B7C4F550034A4EB /* BulletDynamics.xcodeproj */;
			proxyType = 2;
			remoteGlobalIDString = 6D6B200D52C73E4278203983;
			remoteInfo = BulletDynamics;
		};
		2944C64A1B7C4F550034A4EB /* PBXContainerItemProxy */ = {
			isa = PBXContainerItemProxy;
			containerPortal = 2944C63D1B7C4F550034A4EB /* BulletSoftBody.xcodeproj */;
			proxyType = 2;
			remoteGlobalIDString = 5CCC71EE66D477EF794A0690;
			remoteInfo = BulletSoftBody;
		};
		2944C64D1B7C4F550034A4EB /* PBXContainerItemProxy */ = {
			isa = PBXContainerItemProxy;
			containerPortal = 2944C6401B7C4F550034A4EB /* LinearMath.xcodeproj */;
			proxyType = 2;
			remoteGlobalIDString = 04EF011E01CE39C75A634204;
			remoteInfo = LinearMath;
		};
/* End PBXContainerItemProxy section */

/* Begin PBXFileReference section */
		0012A3FA19E2C562001FE130 /* dpat.png */ = {isa = PBXFileReference; lastKnownFileType = image.png; name = dpat.png; path = ../dpat.png; sourceTree = "<group>"; };
		004865E519F931370038CBE3 /* airboat.obj */ = {isa = PBXFileReference; fileEncoding = 4; lastKnownFileType = text; name = airboat.obj; path = ../airboat.obj; sourceTree = "<group>"; };
		004865E619F931370038CBE3 /* al.obj */ = {isa = PBXFileReference; fileEncoding = 4; lastKnownFileType = text; name = al.obj; path = ../al.obj; sourceTree = "<group>"; };
		004865E719F931370038CBE3 /* cessna.obj */ = {isa = PBXFileReference; fileEncoding = 4; lastKnownFileType = text; name = cessna.obj; path = ../cessna.obj; sourceTree = "<group>"; };
		004865E819F931370038CBE3 /* cube.obj */ = {isa = PBXFileReference; fileEncoding = 4; lastKnownFileType = text; name = cube.obj; path = ../cube.obj; sourceTree = "<group>"; };
		004865F119F931600038CBE3 /* skyscraper.obj */ = {isa = PBXFileReference; fileEncoding = 4; lastKnownFileType = text; name = skyscraper.obj; path = ../skyscraper.obj; sourceTree = "<group>"; };
		00A067681B6A5B7E007D2DD8 /* pgl3d_device_motion.h */ = {isa = PBXFileReference; fileEncoding = 4; lastKnownFileType = sourcecode.c.h; name = pgl3d_device_motion.h; path = extension/pgl3d_device_motion.h; sourceTree = "<group>"; };
		00A067691B6A5B7E007D2DD8 /* pgl3d_device_motion.mm */ = {isa = PBXFileReference; fileEncoding = 4; lastKnownFileType = sourcecode.cpp.objcpp; name = pgl3d_device_motion.mm; path = extension/pgl3d_device_motion.mm; sourceTree = "<group>"; };
		00A0676B1B6A5CB2007D2DD8 /* CoreMotion.framework */ = {isa = PBXFileReference; lastKnownFileType = wrapper.framework; name = CoreMotion.framework; path = System/Library/Frameworks/CoreMotion.framework; sourceTree = SDKROOT; };
		00B1B36319E2C8BC00A0C9A4 /* mplus-1m-bold.ttf */ = {isa = PBXFileReference; lastKnownFileType = file; name = "mplus-1m-bold.ttf"; path = "../mplus-1m-bold.ttf"; sourceTree = "<group>"; };
		00F529551AA2172E0056F191 /* demoapp.px.cc */ = {isa = PBXFileReference; fileEncoding = 4; lastKnownFileType = sourcecode.cpp.cpp; name = demoapp.px.cc; path = gen/demoapp.px.cc; sourceTree = "<group>"; };
		1D30AB110D05D00D00671497 /* Foundation.framework */ = {isa = PBXFileReference; lastKnownFileType = wrapper.framework; name = Foundation.framework; path = System/Library/Frameworks/Foundation.framework; sourceTree = SDKROOT; };
		1D6058910D05DD3D006BFB54 /* pgl3d.app */ = {isa = PBXFileReference; explicitFileType = wrapper.application; includeInIndex = 0; path = pgl3d.app; sourceTree = BUILT_PRODUCTS_DIR; };
		1DF5F4DF0D08C38300B7A737 /* UIKit.framework */ = {isa = PBXFileReference; lastKnownFileType = wrapper.framework; name = UIKit.framework; path = System/Library/Frameworks/UIKit.framework; sourceTree = SDKROOT; };
		28FD14FF0DC6FC520079059D /* OpenGLES.framework */ = {isa = PBXFileReference; lastKnownFileType = wrapper.framework; name = OpenGLES.framework; path = System/Library/Frameworks/OpenGLES.framework; sourceTree = SDKROOT; };
		28FD15070DC6FC5B0079059D /* QuartzCore.framework */ = {isa = PBXFileReference; lastKnownFileType = wrapper.framework; name = QuartzCore.framework; path = System/Library/Frameworks/QuartzCore.framework; sourceTree = SDKROOT; };
		2944C6241B7C4F0E0034A4EB /* SDL.xcodeproj */ = {isa = PBXFileReference; lastKnownFileType = "wrapper.pb-project"; name = SDL.xcodeproj; path = "../../SDL2-2.0.3/Xcode-iOS/SDL/SDL.xcodeproj"; sourceTree = "<group>"; };
		2944C62B1B7C4F200034A4EB /* SDL_image.xcodeproj */ = {isa = PBXFileReference; lastKnownFileType = "wrapper.pb-project"; name = SDL_image.xcodeproj; path = "../../SDL2_image-2.0.0/Xcode-iOS/SDL_image.xcodeproj"; sourceTree = "<group>"; };
		2944C6311B7C4F330034A4EB /* SDL_ttf.xcodeproj */ = {isa = PBXFileReference; lastKnownFileType = "wrapper.pb-project"; name = SDL_ttf.xcodeproj; path = "../../SDL2_ttf-2.0.12/Xcode-iOS/SDL_ttf.xcodeproj"; sourceTree = "<group>"; };
		2944C6371B7C4F550034A4EB /* BulletCollision.xcodeproj */ = {isa = PBXFileReference; lastKnownFileType = "wrapper.pb-project"; name = BulletCollision.xcodeproj; path = "../../bullet3-2.83.5/build3/xcode4ios/BulletCollision.xcodeproj"; sourceTree = "<group>"; };
		2944C63A1B7C4F550034A4EB /* BulletDynamics.xcodeproj */ = {isa = PBXFileReference; lastKnownFileType = "wrapper.pb-project"; name = BulletDynamics.xcodeproj; path = "../../bullet3-2.83.5/build3/xcode4ios/BulletDynamics.xcodeproj"; sourceTree = "<group>"; };
		2944C63D1B7C4F550034A4EB /* BulletSoftBody.xcodeproj */ = {isa = PBXFileReference; lastKnownFileType = "wrapper.pb-project"; name = BulletSoftBody.xcodeproj; path = "../../bullet3-2.83.5/build3/xcode4ios/BulletSoftBody.xcodeproj"; sourceTree = "<group>"; };
		2944C6401B7C4F550034A4EB /* LinearMath.xcodeproj */ = {isa = PBXFileReference; lastKnownFileType = "wrapper.pb-project"; name = LinearMath.xcodeproj; path = "../../bullet3-2.83.5/build3/xcode4ios/LinearMath.xcodeproj"; sourceTree = "<group>"; };
		2944C64F1B7C4FDC0034A4EB /* parts.obj */ = {isa = PBXFileReference; fileEncoding = 4; lastKnownFileType = text; name = parts.obj; path = ../parts.obj; sourceTree = "<group>"; };
		2944C6581B7C50ED0034A4EB /* libSDL2_ttf.a */ = {isa = PBXFileReference; lastKnownFileType = archive.ar; name = libSDL2_ttf.a; path = "../../SDL2_ttf-2.0.12/Xcode/build/Debug/libSDL2_ttf.a"; sourceTree = "<group>"; };
		29B714601961409E007A129B /* ImageIO.framework */ = {isa = PBXFileReference; lastKnownFileType = wrapper.framework; name = ImageIO.framework; path = System/Library/Frameworks/ImageIO.framework; sourceTree = SDKROOT; };
		29B71462196140BD007A129B /* MobileCoreServices.framework */ = {isa = PBXFileReference; lastKnownFileType = wrapper.framework; name = MobileCoreServices.framework; path = System/Library/Frameworks/MobileCoreServices.framework; sourceTree = SDKROOT; };
		8D1107310486CEB800E47090 /* Info.plist */ = {isa = PBXFileReference; fileEncoding = 4; lastKnownFileType = text.plist.xml; path = Info.plist; sourceTree = "<group>"; };
		FD779EDD0E26BA1200F39101 /* CoreAudio.framework */ = {isa = PBXFileReference; lastKnownFileType = wrapper.framework; name = CoreAudio.framework; path = System/Library/Frameworks/CoreAudio.framework; sourceTree = SDKROOT; };
		FD77A07C0E26BD8C00F39101 /* Icon.png */ = {isa = PBXFileReference; lastKnownFileType = image.png; path = Icon.png; sourceTree = "<group>"; };
		FD77A07E0E26BDA900F39101 /* Default.png */ = {isa = PBXFileReference; lastKnownFileType = image.png; path = Default.png; sourceTree = "<group>"; };
		FD77A0840E26BDB800F39101 /* AudioToolbox.framework */ = {isa = PBXFileReference; lastKnownFileType = wrapper.framework; name = AudioToolbox.framework; path = System/Library/Frameworks/AudioToolbox.framework; sourceTree = SDKROOT; };
		FDB8BFC50E5A0F6A00980157 /* CoreGraphics.framework */ = {isa = PBXFileReference; lastKnownFileType = wrapper.framework; name = CoreGraphics.framework; path = System/Library/Frameworks/CoreGraphics.framework; sourceTree = SDKROOT; };
/* End PBXFileReference section */

/* Begin PBXFrameworksBuildPhase section */
		1D60588F0D05DD3D006BFB54 /* Frameworks */ = {
			isa = PBXFrameworksBuildPhase;
			buildActionMask = 2147483647;
			files = (
				0094F0EB1B81643F00E7B9A3 /* libBulletCollision_xcode4_x64_debug.a in Frameworks */,
				0094F0EC1B81643F00E7B9A3 /* libBulletDynamics_xcode4_x64_debug.a in Frameworks */,
				0094F0ED1B81643F00E7B9A3 /* libBulletSoftBody_xcode4_x64_debug.a in Frameworks */,
				0094F0EE1B81643F00E7B9A3 /* libLinearMath_xcode4_x64_debug.a in Frameworks */,
				2944C6551B7C50ED0034A4EB /* libSDL2_image.a in Frameworks */,
				2944C6561B7C50ED0034A4EB /* libSDL2_ttf.a in Frameworks */,
				2944C6571B7C50ED0034A4EB /* libSDL2.a in Frameworks */,
				00A0676C1B6A5CB2007D2DD8 /* CoreMotion.framework in Frameworks */,
				1D60589F0D05DD5A006BFB54 /* Foundation.framework in Frameworks */,
				1DF5F4E00D08C38300B7A737 /* UIKit.framework in Frameworks */,
				28FD15000DC6FC520079059D /* OpenGLES.framework in Frameworks */,
				28FD15080DC6FC5B0079059D /* QuartzCore.framework in Frameworks */,
				FD779EDE0E26BA1200F39101 /* CoreAudio.framework in Frameworks */,
				FD77A0850E26BDB800F39101 /* AudioToolbox.framework in Frameworks */,
				FDB8BFC60E5A0F6A00980157 /* CoreGraphics.framework in Frameworks */,
				29B714611961409E007A129B /* ImageIO.framework in Frameworks */,
				29B71463196140BD007A129B /* MobileCoreServices.framework in Frameworks */,
			);
			runOnlyForDeploymentPostprocessing = 0;
		};
/* End PBXFrameworksBuildPhase section */

/* Begin PBXGroup section */
		00A067631B6A59D5007D2DD8 /* Extension */ = {
			isa = PBXGroup;
			children = (
				00A067681B6A5B7E007D2DD8 /* pgl3d_device_motion.h */,
				00A067691B6A5B7E007D2DD8 /* pgl3d_device_motion.mm */,
			);
			name = Extension;
			sourceTree = "<group>";
		};
		19C28FACFE9D520D11CA2CBB /* Products */ = {
			isa = PBXGroup;
			children = (
				1D6058910D05DD3D006BFB54 /* pgl3d.app */,
			);
			name = Products;
			sourceTree = "<group>";
		};
		2944C6251B7C4F0E0034A4EB /* Products */ = {
			isa = PBXGroup;
			children = (
				2944C62A1B7C4F0F0034A4EB /* libSDL2.a */,
			);
			name = Products;
			sourceTree = "<group>";
		};
		2944C62C1B7C4F200034A4EB /* Products */ = {
			isa = PBXGroup;
			children = (
				2944C6301B7C4F210034A4EB /* libSDL2_image.a */,
			);
			name = Products;
			sourceTree = "<group>";
		};
		2944C6321B7C4F330034A4EB /* Products */ = {
			isa = PBXGroup;
			children = (
				2944C6361B7C4F330034A4EB /* libSDL2_ttf.a */,
			);
			name = Products;
			sourceTree = "<group>";
		};
		2944C6381B7C4F550034A4EB /* Products */ = {
			isa = PBXGroup;
			children = (
				2944C6451B7C4F550034A4EB /* libBulletCollision_xcode4_x64_debug.a */,
			);
			name = Products;
			sourceTree = "<group>";
		};
		2944C63B1B7C4F550034A4EB /* Products */ = {
			isa = PBXGroup;
			children = (
				2944C6481B7C4F550034A4EB /* libBulletDynamics_xcode4_x64_debug.a */,
			);
			name = Products;
			sourceTree = "<group>";
		};
		2944C63E1B7C4F550034A4EB /* Products */ = {
			isa = PBXGroup;
			children = (
				2944C64B1B7C4F550034A4EB /* libBulletSoftBody_xcode4_x64_debug.a */,
			);
			name = Products;
			sourceTree = "<group>";
		};
		2944C6411B7C4F550034A4EB /* Products */ = {
			isa = PBXGroup;
			children = (
				2944C64E1B7C4F550034A4EB /* libLinearMath_xcode4_x64_debug.a */,
			);
			name = Products;
			sourceTree = "<group>";
		};
		29B97314FDCFA39411CA2CEA /* CustomTemplate */ = {
			isa = PBXGroup;
			children = (
				2944C6371B7C4F550034A4EB /* BulletCollision.xcodeproj */,
				2944C63A1B7C4F550034A4EB /* BulletDynamics.xcodeproj */,
				2944C63D1B7C4F550034A4EB /* BulletSoftBody.xcodeproj */,
				2944C6401B7C4F550034A4EB /* LinearMath.xcodeproj */,
				2944C6311B7C4F330034A4EB /* SDL_ttf.xcodeproj */,
				2944C62B1B7C4F200034A4EB /* SDL_image.xcodeproj */,
				2944C6241B7C4F0E0034A4EB /* SDL.xcodeproj */,
				29B97315FDCFA39411CA2CEA /* Sources */,
				00A067631B6A59D5007D2DD8 /* Extension */,
				29B97317FDCFA39411CA2CEA /* Resources */,
				29B97323FDCFA39411CA2CEA /* Frameworks */,
				19C28FACFE9D520D11CA2CBB /* Products */,
			);
			name = CustomTemplate;
			sourceTree = "<group>";
		};
		29B97315FDCFA39411CA2CEA /* Sources */ = {
			isa = PBXGroup;
			children = (
				00F529551AA2172E0056F191 /* demoapp.px.cc */,
			);
			name = Sources;
			sourceTree = "<group>";
		};
		29B97317FDCFA39411CA2CEA /* Resources */ = {
			isa = PBXGroup;
			children = (
				2944C64F1B7C4FDC0034A4EB /* parts.obj */,
				004865F119F931600038CBE3 /* skyscraper.obj */,
				004865E519F931370038CBE3 /* airboat.obj */,
				004865E619F931370038CBE3 /* al.obj */,
				004865E719F931370038CBE3 /* cessna.obj */,
				004865E819F931370038CBE3 /* cube.obj */,
				00B1B36319E2C8BC00A0C9A4 /* mplus-1m-bold.ttf */,
				0012A3FA19E2C562001FE130 /* dpat.png */,
				FD77A07E0E26BDA900F39101 /* Default.png */,
				FD77A07C0E26BD8C00F39101 /* Icon.png */,
				8D1107310486CEB800E47090 /* Info.plist */,
			);
			name = Resources;
			sourceTree = "<group>";
		};
		29B97323FDCFA39411CA2CEA /* Frameworks */ = {
			isa = PBXGroup;
			children = (
				2944C6581B7C50ED0034A4EB /* libSDL2_ttf.a */,
				00A0676B1B6A5CB2007D2DD8 /* CoreMotion.framework */,
				29B71462196140BD007A129B /* MobileCoreServices.framework */,
				29B714601961409E007A129B /* ImageIO.framework */,
				FDB8BFC50E5A0F6A00980157 /* CoreGraphics.framework */,
				FD77A0840E26BDB800F39101 /* AudioToolbox.framework */,
				FD779EDD0E26BA1200F39101 /* CoreAudio.framework */,
				28FD15070DC6FC5B0079059D /* QuartzCore.framework */,
				28FD14FF0DC6FC520079059D /* OpenGLES.framework */,
				1DF5F4DF0D08C38300B7A737 /* UIKit.framework */,
				1D30AB110D05D00D00671497 /* Foundation.framework */,
			);
			name = Frameworks;
			sourceTree = "<group>";
		};
/* End PBXGroup section */

/* Begin PBXNativeTarget section */
		1D6058900D05DD3D006BFB54 /* pgl3d */ = {
			isa = PBXNativeTarget;
			buildConfigurationList = 1D6058960D05DD3E006BFB54 /* Build configuration list for PBXNativeTarget "pgl3d" */;
			buildPhases = (
				1D60588D0D05DD3D006BFB54 /* Resources */,
				1D60588E0D05DD3D006BFB54 /* Sources */,
				1D60588F0D05DD3D006BFB54 /* Frameworks */,
			);
			buildRules = (
			);
			dependencies = (
			);
			name = pgl3d;
			productName = "___PROJECTNAME___";
			productReference = 1D6058910D05DD3D006BFB54 /* pgl3d.app */;
			productType = "com.apple.product-type.application";
		};
/* End PBXNativeTarget section */

/* Begin PBXProject section */
		29B97313FDCFA39411CA2CEA /* Project object */ = {
			isa = PBXProject;
			attributes = {
				LastUpgradeCheck = 0510;
			};
			buildConfigurationList = C01FCF4E08A954540054247B /* Build configuration list for PBXProject "pgl3d" */;
			compatibilityVersion = "Xcode 3.1";
			developmentRegion = English;
			hasScannedForEncodings = 1;
			knownRegions = (
				English,
				Japanese,
				French,
				German,
			);
			mainGroup = 29B97314FDCFA39411CA2CEA /* CustomTemplate */;
			projectDirPath = "";
			projectReferences = (
				{
					ProductGroup = 2944C6381B7C4F550034A4EB /* Products */;
					ProjectRef = 2944C6371B7C4F550034A4EB /* BulletCollision.xcodeproj */;
				},
				{
					ProductGroup = 2944C63B1B7C4F550034A4EB /* Products */;
					ProjectRef = 2944C63A1B7C4F550034A4EB /* BulletDynamics.xcodeproj */;
				},
				{
					ProductGroup = 2944C63E1B7C4F550034A4EB /* Products */;
					ProjectRef = 2944C63D1B7C4F550034A4EB /* BulletSoftBody.xcodeproj */;
				},
				{
					ProductGroup = 2944C6411B7C4F550034A4EB /* Products */;
					ProjectRef = 2944C6401B7C4F550034A4EB /* LinearMath.xcodeproj */;
				},
				{
					ProductGroup = 2944C6251B7C4F0E0034A4EB /* Products */;
					ProjectRef = 2944C6241B7C4F0E0034A4EB /* SDL.xcodeproj */;
				},
				{
					ProductGroup = 2944C62C1B7C4F200034A4EB /* Products */;
					ProjectRef = 2944C62B1B7C4F200034A4EB /* SDL_image.xcodeproj */;
				},
				{
					ProductGroup = 2944C6321B7C4F330034A4EB /* Products */;
					ProjectRef = 2944C6311B7C4F330034A4EB /* SDL_ttf.xcodeproj */;
				},
			);
			projectRoot = "";
			targets = (
				1D6058900D05DD3D006BFB54 /* pgl3d */,
			);
		};
/* End PBXProject section */

/* Begin PBXReferenceProxy section */
		2944C62A1B7C4F0F0034A4EB /* libSDL2.a */ = {
			isa = PBXReferenceProxy;
			fileType = archive.ar;
			path = libSDL2.a;
			remoteRef = 2944C6291B7C4F0F0034A4EB /* PBXContainerItemProxy */;
			sourceTree = BUILT_PRODUCTS_DIR;
		};
		2944C6301B7C4F210034A4EB /* libSDL2_image.a */ = {
			isa = PBXReferenceProxy;
			fileType = archive.ar;
			path = libSDL2_image.a;
			remoteRef = 2944C62F1B7C4F210034A4EB /* PBXContainerItemProxy */;
			sourceTree = BUILT_PRODUCTS_DIR;
		};
		2944C6361B7C4F330034A4EB /* libSDL2_ttf.a */ = {
			isa = PBXReferenceProxy;
			fileType = archive.ar;
			path = libSDL2_ttf.a;
			remoteRef = 2944C6351B7C4F330034A4EB /* PBXContainerItemProxy */;
			sourceTree = BUILT_PRODUCTS_DIR;
		};
		2944C6451B7C4F550034A4EB /* libBulletCollision_xcode4_x64_debug.a */ = {
			isa = PBXReferenceProxy;
			fileType = archive.ar;
			path = libBulletCollision_xcode4_x64_debug.a;
			remoteRef = 2944C6441B7C4F550034A4EB /* PBXContainerItemProxy */;
			sourceTree = BUILT_PRODUCTS_DIR;
		};
		2944C6481B7C4F550034A4EB /* libBulletDynamics_xcode4_x64_debug.a */ = {
			isa = PBXReferenceProxy;
			fileType = archive.ar;
			path = libBulletDynamics_xcode4_x64_debug.a;
			remoteRef = 2944C6471B7C4F550034A4EB /* PBXContainerItemProxy */;
			sourceTree = BUILT_PRODUCTS_DIR;
		};
		2944C64B1B7C4F550034A4EB /* libBulletSoftBody_xcode4_x64_debug.a */ = {
			isa = PBXReferenceProxy;
			fileType = archive.ar;
			path = libBulletSoftBody_xcode4_x64_debug.a;
			remoteRef = 2944C64A1B7C4F550034A4EB /* PBXContainerItemProxy */;
			sourceTree = BUILT_PRODUCTS_DIR;
		};
		2944C64E1B7C4F550034A4EB /* libLinearMath_xcode4_x64_debug.a */ = {
			isa = PBXReferenceProxy;
			fileType = archive.ar;
			path = libLinearMath_xcode4_x64_debug.a;
			remoteRef = 2944C64D1B7C4F550034A4EB /* PBXContainerItemProxy */;
			sourceTree = BUILT_PRODUCTS_DIR;
		};
/* End PBXReferenceProxy section */

/* Begin PBXResourcesBuildPhase section */
		1D60588D0D05DD3D006BFB54 /* Resources */ = {
			isa = PBXResourcesBuildPhase;
			buildActionMask = 2147483647;
			files = (
				004865EC19F931370038CBE3 /* cube.obj in Resources */,
				004865EA19F931370038CBE3 /* al.obj in Resources */,
				FD77A07D0E26BD8C00F39101 /* Icon.png in Resources */,
				004865F219F931600038CBE3 /* skyscraper.obj in Resources */,
				2944C6501B7C4FDC0034A4EB /* parts.obj in Resources */,
				004865EB19F931370038CBE3 /* cessna.obj in Resources */,
				0012A3FB19E2C562001FE130 /* dpat.png in Resources */,
				FD77A07F0E26BDA900F39101 /* Default.png in Resources */,
				00B1B36419E2C8BC00A0C9A4 /* mplus-1m-bold.ttf in Resources */,
				004865E919F931370038CBE3 /* airboat.obj in Resources */,
			);
			runOnlyForDeploymentPostprocessing = 0;
		};
/* End PBXResourcesBuildPhase section */

/* Begin PBXSourcesBuildPhase section */
		1D60588E0D05DD3D006BFB54 /* Sources */ = {
			isa = PBXSourcesBuildPhase;
			buildActionMask = 2147483647;
			files = (
				00A0676A1B6A5B7E007D2DD8 /* pgl3d_device_motion.mm in Sources */,
				00F529561AA2172E0056F191 /* demoapp.px.cc in Sources */,
			);
			runOnlyForDeploymentPostprocessing = 0;
		};
/* End PBXSourcesBuildPhase section */

/* Begin XCBuildConfiguration section */
		1D6058940D05DD3E006BFB54 /* Debug */ = {
			isa = XCBuildConfiguration;
			buildSettings = {
				ALWAYS_SEARCH_USER_PATHS = NO;
				CLANG_CXX_LANGUAGE_STANDARD = "c++0x";
				COPY_PHASE_STRIP = NO;
				GCC_DYNAMIC_NO_PIC = NO;
				GCC_OPTIMIZATION_LEVEL = 0;
				GCC_PRECOMPILE_PREFIX_HEADER = YES;
				GCC_PREFIX_HEADER = "";
				HEADER_SEARCH_PATHS = (
					"\"$(SRCROOT)/pgl3d-extlib\"",
					"\"$(SRCROOT)/pgl3d-extlib/SDL2/include\"",
					"\"$(SRCROOT)/pgl3d-extlib/SDL2_image\"",
					"\"$(SRCROOT)/pgl3d-extlib/SDL2_ttf\"",
					"\"$(SRCROOT)/pgl3d-extlib/bullet/src\"",
				);
				INFOPLIST_FILE = Info.plist;
				LIBRARY_SEARCH_PATHS = (
					"$(inherited)",
					"\"$(SRCROOT)/pgl3d-extlib/build/ios\"",
					"/build/SDL2_ttf-2.0.12/Xcode/build/Debug",
				);
				ONLY_ACTIVE_ARCH = YES;
				PRODUCT_NAME = pgl3d;
				TARGETED_DEVICE_FAMILY = "1,2";
			};
			name = Debug;
		};
		1D6058950D05DD3E006BFB54 /* Release */ = {
			isa = XCBuildConfiguration;
			buildSettings = {
				ALWAYS_SEARCH_USER_PATHS = NO;
				CLANG_CXX_LANGUAGE_STANDARD = "c++0x";
				COPY_PHASE_STRIP = YES;
				GCC_PRECOMPILE_PREFIX_HEADER = YES;
				GCC_PREFIX_HEADER = "";
				HEADER_SEARCH_PATHS = (
					"\"$(SRCROOT)/pgl3d-extlib\"",
					"\"$(SRCROOT)/pgl3d-extlib/SDL2/include\"",
					"\"$(SRCROOT)/pgl3d-extlib/SDL2_image\"",
					"\"$(SRCROOT)/pgl3d-extlib/SDL2_ttf\"",
					"\"$(SRCROOT)/pgl3d-extlib/bullet/src\"",
				);
				INFOPLIST_FILE = Info.plist;
				LIBRARY_SEARCH_PATHS = (
					"$(inherited)",
					"\"$(SRCROOT)/pgl3d-extlib/build/ios\"",
					"/build/SDL2_ttf-2.0.12/Xcode/build/Debug",
				);
				ONLY_ACTIVE_ARCH = NO;
				PRODUCT_NAME = pgl3d;
				TARGETED_DEVICE_FAMILY = "1,2";
			};
			name = Release;
		};
		C01FCF4F08A954540054247B /* Debug */ = {
			isa = XCBuildConfiguration;
			buildSettings = {
				ARCHS = "$(ARCHS_STANDARD_32_BIT)";
				"CODE_SIGN_IDENTITY[sdk=iphoneos*]" = "iPhone Developer";
				GCC_C_LANGUAGE_STANDARD = c99;
				GCC_OPTIMIZATION_LEVEL = fast;
				GCC_WARN_ABOUT_RETURN_TYPE = YES;
				GCC_WARN_UNUSED_VARIABLE = YES;
				IPHONEOS_DEPLOYMENT_TARGET = 7.1;
				ONLY_ACTIVE_ARCH = YES;
				OTHER_CFLAGS = "";
				PREBINDING = NO;
				SDKROOT = iphoneos;
				TARGETED_DEVICE_FAMILY = 1;
				USER_HEADER_SEARCH_PATHS = "";
			};
			name = Debug;
		};
		C01FCF5008A954540054247B /* Release */ = {
			isa = XCBuildConfiguration;
			buildSettings = {
				ARCHS = "$(ARCHS_STANDARD_32_BIT)";
				"CODE_SIGN_IDENTITY[sdk=iphoneos*]" = "iPhone Developer";
				"FRAMEWORK_SEARCH_PATHS[arch=*]" = "";
				GCC_C_LANGUAGE_STANDARD = c99;
				GCC_OPTIMIZATION_LEVEL = fast;
				GCC_WARN_ABOUT_RETURN_TYPE = YES;
				GCC_WARN_UNUSED_VARIABLE = YES;
				IPHONEOS_DEPLOYMENT_TARGET = 7.1;
				OTHER_CFLAGS = "";
				PREBINDING = NO;
				SDKROOT = iphoneos;
				TARGETED_DEVICE_FAMILY = 1;
				USER_HEADER_SEARCH_PATHS = "";
			};
			name = Release;
		};
/* End XCBuildConfiguration section */

/* Begin XCConfigurationList section */
		1D6058960D05DD3E006BFB54 /* Build configuration list for PBXNativeTarget "pgl3d" */ = {
			isa = XCConfigurationList;
			buildConfigurations = (
				1D6058940D05DD3E006BFB54 /* Debug */,
				1D6058950D05DD3E006BFB54 /* Release */,
			);
			defaultConfigurationIsVisible = 0;
			defaultConfigurationName = Release;
		};
		C01FCF4E08A954540054247B /* Build configuration list for PBXProject "pgl3d" */ = {
			isa = XCConfigurationList;
			buildConfigurations = (
				C01FCF4F08A954540054247B /* Debug */,
				C01FCF5008A954540054247B /* Release */,
			);
			defaultConfigurationIsVisible = 0;
			defaultConfigurationName = Release;
		};
/* End XCConfigurationList section */
	};
	rootObject = 29B97313FDCFA39411CA2CEA /* Project object */;
}
